
Microsoft Visual Studio Solution File, Format Version 12.00
# Visual Studio Version 17
VisualStudioVersion = 17.1.32414.318
MinimumVisualStudioVersion = 10.0.40219.1
Project("{FAE04EC0-301F-11D3-BF4B-00C04F79EFBC}") = "Team3WPF", "Team3WPF\Team3WPF.csproj", "{196F65BF-3D1A-4095-A509-A3273DB39311}"
EndProject
Global
	GlobalSection(SolutionConfigurationPlatforms) = preSolution
		Debug|Any CPU = Debug|Any CPU
		Release|Any CPU = Release|Any CPU
	EndGlobalSection
	GlobalSection(ProjectConfigurationPlatforms) = postSolution
		{196F65BF-3D1A-4095-A509-A3273DB39311}.Debug|Any CPU.ActiveCfg = Debug|Any CPU
		{196F65BF-3D1A-4095-A509-A3273DB39311}.Debug|Any CPU.Build.0 = Debug|Any CPU
		{196F65BF-3D1A-4095-A509-A3273DB39311}.Release|Any CPU.ActiveCfg = Release|Any CPU
		{196F65BF-3D1A-4095-A509-A3273DB39311}.Release|Any CPU.Build.0 = Release|Any CPU
	EndGlobalSection
	GlobalSection(SolutionProperties) = preSolution
		HideSolutionNode = FALSE
	EndGlobalSection
	GlobalSection(ExtensibilityGlobals) = postSolution
		SolutionGuid = {D340AADC-A2B1-4ABF-BCB3-4789C3190223}
	EndGlobalSection
EndGlobal
